
Microsoft Visual Studio Solution File, Format Version 12.00
# Visual Studio 15
VisualStudioVersion = 15.0.26430.15
MinimumVisualStudioVersion = 10.0.40219.1
Project("{FAE04EC0-301F-11D3-BF4B-00C04F79EFBC}") = "CombatSimulatorKalaxiaWinForms", "CombatSimulatorKalaxiaWinForms\CombatSimulatorKalaxiaWinForms.csproj", "{BB5DC95E-341C-4037-82D7-BC2AE1CAFD1F}"
EndProject
Global
	GlobalSection(SolutionConfigurationPlatforms) = preSolution
		Debug|Any CPU = Debug|Any CPU
		Release|Any CPU = Release|Any CPU
	EndGlobalSection
	GlobalSection(ProjectConfigurationPlatforms) = postSolution
		{BB5DC95E-341C-4037-82D7-BC2AE1CAFD1F}.Debug|Any CPU.ActiveCfg = Debug|Any CPU
		{BB5DC95E-341C-4037-82D7-BC2AE1CAFD1F}.Debug|Any CPU.Build.0 = Debug|Any CPU
		{BB5DC95E-341C-4037-82D7-BC2AE1CAFD1F}.Release|Any CPU.ActiveCfg = Release|Any CPU
		{BB5DC95E-341C-4037-82D7-BC2AE1CAFD1F}.Release|Any CPU.Build.0 = Release|Any CPU
	EndGlobalSection
	GlobalSection(SolutionProperties) = preSolution
		HideSolutionNode = FALSE
	EndGlobalSection
EndGlobal
